
Microsoft Visual Studio Solution File, Format Version 12.00
# Visual Studio Version 16
VisualStudioVersion = 16.0.31424.327
MinimumVisualStudioVersion = 10.0.40219.1
Project("{9A19103F-16F7-4668-BE54-9A1E7A4F7556}") = "Volvo_API", "Volvo_API\Volvo_API.csproj", "{AF6C5E08-EDD8-4134-928D-0DA9C8EBAE23}"
EndProject
Project("{9A19103F-16F7-4668-BE54-9A1E7A4F7556}") = "Volvo_API.UnitTests", "Volvo_API.UnitTests\Volvo_API.UnitTests.csproj", "{BDD1E7A9-514D-49D1-AB24-57D90DEE42B2}"
EndProject
Project("{2150E333-8FDC-42A3-9474-1A3956D46DE8}") = "Volvo_WEB", "Volvo_WEB", "{5E5DF06C-BE68-4327-9FB3-129A6E65518B}"
EndProject
Global
	GlobalSection(SolutionConfigurationPlatforms) = preSolution
		Debug|Any CPU = Debug|Any CPU
		Release|Any CPU = Release|Any CPU
	EndGlobalSection
	GlobalSection(ProjectConfigurationPlatforms) = postSolution
		{AF6C5E08-EDD8-4134-928D-0DA9C8EBAE23}.Debug|Any CPU.ActiveCfg = Debug|Any CPU
		{AF6C5E08-EDD8-4134-928D-0DA9C8EBAE23}.Debug|Any CPU.Build.0 = Debug|Any CPU
		{AF6C5E08-EDD8-4134-928D-0DA9C8EBAE23}.Release|Any CPU.ActiveCfg = Release|Any CPU
		{AF6C5E08-EDD8-4134-928D-0DA9C8EBAE23}.Release|Any CPU.Build.0 = Release|Any CPU
		{BDD1E7A9-514D-49D1-AB24-57D90DEE42B2}.Debug|Any CPU.ActiveCfg = Debug|Any CPU
		{BDD1E7A9-514D-49D1-AB24-57D90DEE42B2}.Debug|Any CPU.Build.0 = Debug|Any CPU
		{BDD1E7A9-514D-49D1-AB24-57D90DEE42B2}.Release|Any CPU.ActiveCfg = Release|Any CPU
		{BDD1E7A9-514D-49D1-AB24-57D90DEE42B2}.Release|Any CPU.Build.0 = Release|Any CPU
	EndGlobalSection
	GlobalSection(SolutionProperties) = preSolution
		HideSolutionNode = FALSE
	EndGlobalSection
	GlobalSection(ExtensibilityGlobals) = postSolution
		SolutionGuid = {1371E8AE-33CB-4AC8-9590-974052270E58}
	EndGlobalSection
EndGlobal
